
Microsoft Visual Studio Solution File, Format Version 12.00
# Visual Studio Version 17
VisualStudioVersion = 17.5.002.0
MinimumVisualStudioVersion = 10.0.40219.1
Project("{9A19103F-16F7-4668-BE54-9A1E7A4F7556}") = "SimpleCRM", "SimpleCRM.csproj", "{7FFB80E7-8C5D-4687-90E7-396E4D31C5EF}"
EndProject
Global
	GlobalSection(SolutionConfigurationPlatforms) = preSolution
		Debug|Any CPU = Debug|Any CPU
		Release|Any CPU = Release|Any CPU
	EndGlobalSection
	GlobalSection(ProjectConfigurationPlatforms) = postSolution
		{7FFB80E7-8C5D-4687-90E7-396E4D31C5EF}.Debug|Any CPU.ActiveCfg = Debug|Any CPU
		{7FFB80E7-8C5D-4687-90E7-396E4D31C5EF}.Debug|Any CPU.Build.0 = Debug|Any CPU
		{7FFB80E7-8C5D-4687-90E7-396E4D31C5EF}.Release|Any CPU.ActiveCfg = Release|Any CPU
		{7FFB80E7-8C5D-4687-90E7-396E4D31C5EF}.Release|Any CPU.Build.0 = Release|Any CPU
	EndGlobalSection
	GlobalSection(SolutionProperties) = preSolution
		HideSolutionNode = FALSE
	EndGlobalSection
	GlobalSection(ExtensibilityGlobals) = postSolution
		SolutionGuid = {83473721-CEC5-49F2-9867-57A2436AFA2B}
	EndGlobalSection
EndGlobal
